
Microsoft Visual Studio Solution File, Format Version 12.00
# Visual Studio Version 17
VisualStudioVersion = 17.0.31903.59
MinimumVisualStudioVersion = 10.0.40219.1
Project("{2150E333-8FDC-42A3-9474-1A3956D46DE8}") = "src", "src", "{827E0CD3-B72D-47B6-A68D-7590B98EB39B}"
EndProject
Project("{FAE04EC0-301F-11D3-BF4B-00C04F79EFBC}") = "NebulaPanel.Domain", "src\NebulaPanel.Domain\NebulaPanel.Domain.csproj", "{62418659-9690-469C-B93C-900CC1C996DC}"
EndProject
Project("{FAE04EC0-301F-11D3-BF4B-00C04F79EFBC}") = "NebulaPanel.Application", "src\NebulaPanel.Application\NebulaPanel.Application.csproj", "{416BB5D0-028F-4B57-85A2-14D3DFDC72CD}"
EndProject
Project("{FAE04EC0-301F-11D3-BF4B-00C04F79EFBC}") = "NebulaPanel.Infrastructure", "src\NebulaPanel.Infrastructure\NebulaPanel.Infrastructure.csproj", "{30B0A800-2E58-4D69-AEB9-729E33F599DC}"
EndProject
Project("{FAE04EC0-301F-11D3-BF4B-00C04F79EFBC}") = "NebulaPanel.Shared", "src\NebulaPanel.Shared\NebulaPanel.Shared.csproj", "{9B98EDE2-4393-4485-8C34-158A4190141F}"
EndProject
Project("{FAE04EC0-301F-11D3-BF4B-00C04F79EFBC}") = "NebulaPanel.Web", "src\NebulaPanel.Web\NebulaPanel.Web.csproj", "{971ED919-040E-489C-82CA-3FBA2052A776}"
EndProject
Project("{FAE04EC0-301F-11D3-BF4B-00C04F79EFBC}") = "NebulaPanel.Updater", "src\NebulaPanel.Updater\NebulaPanel.Updater.csproj", "{CA6BA6F2-BDFC-45CD-9664-ABE1F644ED0B}"
EndProject
Project("{2150E333-8FDC-42A3-9474-1A3956D46DE8}") = "tests", "tests", "{0AB3BF05-4346-4AA6-1389-037BE0695223}"
EndProject
Project("{FAE04EC0-301F-11D3-BF4B-00C04F79EFBC}") = "NebulaPanel.Domain.Tests", "tests\NebulaPanel.Domain.Tests\NebulaPanel.Domain.Tests.csproj", "{DC684338-CA1B-4606-A5CB-1FF00ACA8C70}"
EndProject
Project("{FAE04EC0-301F-11D3-BF4B-00C04F79EFBC}") = "NebulaPanel.Application.Tests", "tests\NebulaPanel.Application.Tests\NebulaPanel.Application.Tests.csproj", "{31757833-6166-4F2E-BADA-F162B9660C8B}"
EndProject
Project("{FAE04EC0-301F-11D3-BF4B-00C04F79EFBC}") = "NebulaPanel.Integration.Tests", "tests\NebulaPanel.Integration.Tests\NebulaPanel.Integration.Tests.csproj", "{740C7D47-2EFE-4AEF-A7D3-5595DDF4A1D7}"
EndProject
Project("{FAE04EC0-301F-11D3-BF4B-00C04F79EFBC}") = "NebulaPanel.Infrastructure.Tests", "tests\NebulaPanel.Infrastructure.Tests\NebulaPanel.Infrastructure.Tests.csproj", "{2FEC2566-BFD7-4FAB-BB00-6F86E15462B6}"
EndProject
Global
	GlobalSection(SolutionConfigurationPlatforms) = preSolution
		Debug|Any CPU = Debug|Any CPU
		Debug|x64 = Debug|x64
		Debug|x86 = Debug|x86
		Release|Any CPU = Release|Any CPU
		Release|x64 = Release|x64
		Release|x86 = Release|x86
	EndGlobalSection
	GlobalSection(ProjectConfigurationPlatforms) = postSolution
		{62418659-9690-469C-B93C-900CC1C996DC}.Debug|Any CPU.ActiveCfg = Debug|Any CPU
		{62418659-9690-469C-B93C-900CC1C996DC}.Debug|Any CPU.Build.0 = Debug|Any CPU
		{62418659-9690-469C-B93C-900CC1C996DC}.Debug|x64.ActiveCfg = Debug|Any CPU
		{62418659-9690-469C-B93C-900CC1C996DC}.Debug|x64.Build.0 = Debug|Any CPU
		{62418659-9690-469C-B93C-900CC1C996DC}.Debug|x86.ActiveCfg = Debug|Any CPU
		{62418659-9690-469C-B93C-900CC1C996DC}.Debug|x86.Build.0 = Debug|Any CPU
		{62418659-9690-469C-B93C-900CC1C996DC}.Release|Any CPU.ActiveCfg = Release|Any CPU
		{62418659-9690-469C-B93C-900CC1C996DC}.Release|Any CPU.Build.0 = Release|Any CPU
		{62418659-9690-469C-B93C-900CC1C996DC}.Release|x64.ActiveCfg = Release|Any CPU
		{62418659-9690-469C-B93C-900CC1C996DC}.Release|x64.Build.0 = Release|Any CPU
		{62418659-9690-469C-B93C-900CC1C996DC}.Release|x86.ActiveCfg = Release|Any CPU
		{62418659-9690-469C-B93C-900CC1C996DC}.Release|x86.Build.0 = Release|Any CPU
		{416BB5D0-028F-4B57-85A2-14D3DFDC72CD}.Debug|Any CPU.ActiveCfg = Debug|Any CPU
		{416BB5D0-028F-4B57-85A2-14D3DFDC72CD}.Debug|Any CPU.Build.0 = Debug|Any CPU
		{416BB5D0-028F-4B57-85A2-14D3DFDC72CD}.Debug|x64.ActiveCfg = Debug|Any CPU
		{416BB5D0-028F-4B57-85A2-14D3DFDC72CD}.Debug|x64.Build.0 = Debug|Any CPU
		{416BB5D0-028F-4B57-85A2-14D3DFDC72CD}.Debug|x86.ActiveCfg = Debug|Any CPU
		{416BB5D0-028F-4B57-85A2-14D3DFDC72CD}.Debug|x86.Build.0 = Debug|Any CPU
		{416BB5D0-028F-4B57-85A2-14D3DFDC72CD}.Release|Any CPU.ActiveCfg = Release|Any CPU
		{416BB5D0-028F-4B57-85A2-14D3DFDC72CD}.Release|Any CPU.Build.0 = Release|Any CPU
		{416BB5D0-028F-4B57-85A2-14D3DFDC72CD}.Release|x64.ActiveCfg = Release|Any CPU
		{416BB5D0-028F-4B57-85A2-14D3DFDC72CD}.Release|x64.Build.0 = Release|Any CPU
		{416BB5D0-028F-4B57-85A2-14D3DFDC72CD}.Release|x86.ActiveCfg = Release|Any CPU
		{416BB5D0-028F-4B57-85A2-14D3DFDC72CD}.Release|x86.Build.0 = Release|Any CPU
		{30B0A800-2E58-4D69-AEB9-729E33F599DC}.Debug|Any CPU.ActiveCfg = Debug|Any CPU
		{30B0A800-2E58-4D69-AEB9-729E33F599DC}.Debug|Any CPU.Build.0 = Debug|Any CPU
		{30B0A800-2E58-4D69-AEB9-729E33F599DC}.Debug|x64.ActiveCfg = Debug|Any CPU
		{30B0A800-2E58-4D69-AEB9-729E33F599DC}.Debug|x64.Build.0 = Debug|Any CPU
		{30B0A800-2E58-4D69-AEB9-729E33F599DC}.Debug|x86.ActiveCfg = Debug|Any CPU
		{30B0A800-2E58-4D69-AEB9-729E33F599DC}.Debug|x86.Build.0 = Debug|Any CPU
		{30B0A800-2E58-4D69-AEB9-729E33F599DC}.Release|Any CPU.ActiveCfg = Release|Any CPU
		{30B0A800-2E58-4D69-AEB9-729E33F599DC}.Release|Any CPU.Build.0 = Release|Any CPU
		{30B0A800-2E58-4D69-AEB9-729E33F599DC}.Release|x64.ActiveCfg = Release|Any CPU
		{30B0A800-2E58-4D69-AEB9-729E33F599DC}.Release|x64.Build.0 = Release|Any CPU
		{30B0A800-2E58-4D69-AEB9-729E33F599DC}.Release|x86.ActiveCfg = Release|Any CPU
		{30B0A800-2E58-4D69-AEB9-729E33F599DC}.Release|x86.Build.0 = Release|Any CPU
		{9B98EDE2-4393-4485-8C34-158A4190141F}.Debug|Any CPU.ActiveCfg = Debug|Any CPU
		{9B98EDE2-4393-4485-8C34-158A4190141F}.Debug|Any CPU.Build.0 = Debug|Any CPU
		{9B98EDE2-4393-4485-8C34-158A4190141F}.Debug|x64.ActiveCfg = Debug|Any CPU
		{9B98EDE2-4393-4485-8C34-158A4190141F}.Debug|x64.Build.0 = Debug|Any CPU
		{9B98EDE2-4393-4485-8C34-158A4190141F}.Debug|x86.ActiveCfg = Debug|Any CPU
		{9B98EDE2-4393-4485-8C34-158A4190141F}.Debug|x86.Build.0 = Debug|Any CPU
		{9B98EDE2-4393-4485-8C34-158A4190141F}.Release|Any CPU.ActiveCfg = Release|Any CPU
		{9B98EDE2-4393-4485-8C34-158A4190141F}.Release|Any CPU.Build.0 = Release|Any CPU
		{9B98EDE2-4393-4485-8C34-158A4190141F}.Release|x64.ActiveCfg = Release|Any CPU
		{9B98EDE2-4393-4485-8C34-158A4190141F}.Release|x64.Build.0 = Release|Any CPU
		{9B98EDE2-4393-4485-8C34-158A4190141F}.Release|x86.ActiveCfg = Release|Any CPU
		{9B98EDE2-4393-4485-8C34-158A4190141F}.Release|x86.Build.0 = Release|Any CPU
		{971ED919-040E-489C-82CA-3FBA2052A776}.Debug|Any CPU.ActiveCfg = Debug|Any CPU
		{971ED919-040E-489C-82CA-3FBA2052A776}.Debug|Any CPU.Build.0 = Debug|Any CPU
		{971ED919-040E-489C-82CA-3FBA2052A776}.Debug|x64.ActiveCfg = Debug|Any CPU
		{971ED919-040E-489C-82CA-3FBA2052A776}.Debug|x64.Build.0 = Debug|Any CPU
		{971ED919-040E-489C-82CA-3FBA2052A776}.Debug|x86.ActiveCfg = Debug|Any CPU
		{971ED919-040E-489C-82CA-3FBA2052A776}.Debug|x86.Build.0 = Debug|Any CPU
		{971ED919-040E-489C-82CA-3FBA2052A776}.Release|Any CPU.ActiveCfg = Release|Any CPU
		{971ED919-040E-489C-82CA-3FBA2052A776}.Release|Any CPU.Build.0 = Release|Any CPU
		{971ED919-040E-489C-82CA-3FBA2052A776}.Release|x64.ActiveCfg = Release|Any CPU
		{971ED919-040E-489C-82CA-3FBA2052A776}.Release|x64.Build.0 = Release|Any CPU
		{971ED919-040E-489C-82CA-3FBA2052A776}.Release|x86.ActiveCfg = Release|Any CPU
		{971ED919-040E-489C-82CA-3FBA2052A776}.Release|x86.Build.0 = Release|Any CPU
		{CA6BA6F2-BDFC-45CD-9664-ABE1F644ED0B}.Debug|Any CPU.ActiveCfg = Debug|Any CPU
		{CA6BA6F2-BDFC-45CD-9664-ABE1F644ED0B}.Debug|Any CPU.Build.0 = Debug|Any CPU
		{CA6BA6F2-BDFC-45CD-9664-ABE1F644ED0B}.Debug|x64.ActiveCfg = Debug|Any CPU
		{CA6BA6F2-BDFC-45CD-9664-ABE1F644ED0B}.Debug|x64.Build.0 = Debug|Any CPU
		{CA6BA6F2-BDFC-45CD-9664-ABE1F644ED0B}.Debug|x86.ActiveCfg = Debug|Any CPU
		{CA6BA6F2-BDFC-45CD-9664-ABE1F644ED0B}.Debug|x86.Build.0 = Debug|Any CPU
		{CA6BA6F2-BDFC-45CD-9664-ABE1F644ED0B}.Release|Any CPU.ActiveCfg = Release|Any CPU
		{CA6BA6F2-BDFC-45CD-9664-ABE1F644ED0B}.Release|Any CPU.Build.0 = Release|Any CPU
		{CA6BA6F2-BDFC-45CD-9664-ABE1F644ED0B}.Release|x64.ActiveCfg = Release|Any CPU
		{CA6BA6F2-BDFC-45CD-9664-ABE1F644ED0B}.Release|x64.Build.0 = Release|Any CPU
		{CA6BA6F2-BDFC-45CD-9664-ABE1F644ED0B}.Release|x86.ActiveCfg = Release|Any CPU
		{CA6BA6F2-BDFC-45CD-9664-ABE1F644ED0B}.Release|x86.Build.0 = Release|Any CPU
		{DC684338-CA1B-4606-A5CB-1FF00ACA8C70}.Debug|Any CPU.ActiveCfg = Debug|Any CPU
		{DC684338-CA1B-4606-A5CB-1FF00ACA8C70}.Debug|Any CPU.Build.0 = Debug|Any CPU
		{DC684338-CA1B-4606-A5CB-1FF00ACA8C70}.Debug|x64.ActiveCfg = Debug|Any CPU
		{DC684338-CA1B-4606-A5CB-1FF00ACA8C70}.Debug|x64.Build.0 = Debug|Any CPU
		{DC684338-CA1B-4606-A5CB-1FF00ACA8C70}.Debug|x86.ActiveCfg = Debug|Any CPU
		{DC684338-CA1B-4606-A5CB-1FF00ACA8C70}.Debug|x86.Build.0 = Debug|Any CPU
		{DC684338-CA1B-4606-A5CB-1FF00ACA8C70}.Release|Any CPU.ActiveCfg = Release|Any CPU
		{DC684338-CA1B-4606-A5CB-1FF00ACA8C70}.Release|Any CPU.Build.0 = Release|Any CPU
		{DC684338-CA1B-4606-A5CB-1FF00ACA8C70}.Release|x64.ActiveCfg = Release|Any CPU
		{DC684338-CA1B-4606-A5CB-1FF00ACA8C70}.Release|x64.Build.0 = Release|Any CPU
		{DC684338-CA1B-4606-A5CB-1FF00ACA8C70}.Release|x86.ActiveCfg = Release|Any CPU
		{DC684338-CA1B-4606-A5CB-1FF00ACA8C70}.Release|x86.Build.0 = Release|Any CPU
		{31757833-6166-4F2E-BADA-F162B9660C8B}.Debug|Any CPU.ActiveCfg = Debug|Any CPU
		{31757833-6166-4F2E-BADA-F162B9660C8B}.Debug|Any CPU.Build.0 = Debug|Any CPU
		{31757833-6166-4F2E-BADA-F162B9660C8B}.Debug|x64.ActiveCfg = Debug|Any CPU
		{31757833-6166-4F2E-BADA-F162B9660C8B}.Debug|x64.Build.0 = Debug|Any CPU
		{31757833-6166-4F2E-BADA-F162B9660C8B}.Debug|x86.ActiveCfg = Debug|Any CPU
		{31757833-6166-4F2E-BADA-F162B9660C8B}.Debug|x86.Build.0 = Debug|Any CPU
		{31757833-6166-4F2E-BADA-F162B9660C8B}.Release|Any CPU.ActiveCfg = Release|Any CPU
		{31757833-6166-4F2E-BADA-F162B9660C8B}.Release|Any CPU.Build.0 = Release|Any CPU
		{31757833-6166-4F2E-BADA-F162B9660C8B}.Release|x64.ActiveCfg = Release|Any CPU
		{31757833-6166-4F2E-BADA-F162B9660C8B}.Release|x64.Build.0 = Release|Any CPU
		{31757833-6166-4F2E-BADA-F162B9660C8B}.Release|x86.ActiveCfg = Release|Any CPU
		{31757833-6166-4F2E-BADA-F162B9660C8B}.Release|x86.Build.0 = Release|Any CPU
		{740C7D47-2EFE-4AEF-A7D3-5595DDF4A1D7}.Debug|Any CPU.ActiveCfg = Debug|Any CPU
		{740C7D47-2EFE-4AEF-A7D3-5595DDF4A1D7}.Debug|Any CPU.Build.0 = Debug|Any CPU
		{740C7D47-2EFE-4AEF-A7D3-5595DDF4A1D7}.Debug|x64.ActiveCfg = Debug|Any CPU
		{740C7D47-2EFE-4AEF-A7D3-5595DDF4A1D7}.Debug|x64.Build.0 = Debug|Any CPU
		{740C7D47-2EFE-4AEF-A7D3-5595DDF4A1D7}.Debug|x86.ActiveCfg = Debug|Any CPU
		{740C7D47-2EFE-4AEF-A7D3-5595DDF4A1D7}.Debug|x86.Build.0 = Debug|Any CPU
		{740C7D47-2EFE-4AEF-A7D3-5595DDF4A1D7}.Release|Any CPU.ActiveCfg = Release|Any CPU
		{740C7D47-2EFE-4AEF-A7D3-5595DDF4A1D7}.Release|Any CPU.Build.0 = Release|Any CPU
		{740C7D47-2EFE-4AEF-A7D3-5595DDF4A1D7}.Release|x64.ActiveCfg = Release|Any CPU
		{740C7D47-2EFE-4AEF-A7D3-5595DDF4A1D7}.Release|x64.Build.0 = Release|Any CPU
		{740C7D47-2EFE-4AEF-A7D3-5595DDF4A1D7}.Release|x86.ActiveCfg = Release|Any CPU
		{740C7D47-2EFE-4AEF-A7D3-5595DDF4A1D7}.Release|x86.Build.0 = Release|Any CPU
		{2FEC2566-BFD7-4FAB-BB00-6F86E15462B6}.Debug|Any CPU.ActiveCfg = Debug|Any CPU
		{2FEC2566-BFD7-4FAB-BB00-6F86E15462B6}.Debug|Any CPU.Build.0 = Debug|Any CPU
		{2FEC2566-BFD7-4FAB-BB00-6F86E15462B6}.Debug|x64.ActiveCfg = Debug|Any CPU
		{2FEC2566-BFD7-4FAB-BB00-6F86E15462B6}.Debug|x64.Build.0 = Debug|Any CPU
		{2FEC2566-BFD7-4FAB-BB00-6F86E15462B6}.Debug|x86.ActiveCfg = Debug|Any CPU
		{2FEC2566-BFD7-4FAB-BB00-6F86E15462B6}.Debug|x86.Build.0 = Debug|Any CPU
		{2FEC2566-BFD7-4FAB-BB00-6F86E15462B6}.Release|Any CPU.ActiveCfg = Release|Any CPU
		{2FEC2566-BFD7-4FAB-BB00-6F86E15462B6}.Release|Any CPU.Build.0 = Release|Any CPU
		{2FEC2566-BFD7-4FAB-BB00-6F86E15462B6}.Release|x64.ActiveCfg = Release|Any CPU
		{2FEC2566-BFD7-4FAB-BB00-6F86E15462B6}.Release|x64.Build.0 = Release|Any CPU
		{2FEC2566-BFD7-4FAB-BB00-6F86E15462B6}.Release|x86.ActiveCfg = Release|Any CPU
		{2FEC2566-BFD7-4FAB-BB00-6F86E15462B6}.Release|x86.Build.0 = Release|Any CPU
	EndGlobalSection
	GlobalSection(SolutionProperties) = preSolution
		HideSolutionNode = FALSE
	EndGlobalSection
	GlobalSection(NestedProjects) = preSolution
		{62418659-9690-469C-B93C-900CC1C996DC} = {827E0CD3-B72D-47B6-A68D-7590B98EB39B}
		{416BB5D0-028F-4B57-85A2-14D3DFDC72CD} = {827E0CD3-B72D-47B6-A68D-7590B98EB39B}
		{30B0A800-2E58-4D69-AEB9-729E33F599DC} = {827E0CD3-B72D-47B6-A68D-7590B98EB39B}
		{9B98EDE2-4393-4485-8C34-158A4190141F} = {827E0CD3-B72D-47B6-A68D-7590B98EB39B}
		{971ED919-040E-489C-82CA-3FBA2052A776} = {827E0CD3-B72D-47B6-A68D-7590B98EB39B}
		{CA6BA6F2-BDFC-45CD-9664-ABE1F644ED0B} = {827E0CD3-B72D-47B6-A68D-7590B98EB39B}
		{DC684338-CA1B-4606-A5CB-1FF00ACA8C70} = {0AB3BF05-4346-4AA6-1389-037BE0695223}
		{31757833-6166-4F2E-BADA-F162B9660C8B} = {0AB3BF05-4346-4AA6-1389-037BE0695223}
		{740C7D47-2EFE-4AEF-A7D3-5595DDF4A1D7} = {0AB3BF05-4346-4AA6-1389-037BE0695223}
		{2FEC2566-BFD7-4FAB-BB00-6F86E15462B6} = {0AB3BF05-4346-4AA6-1389-037BE0695223}
	EndGlobalSection
EndGlobal
